// !$*UTF8*$!
{
	archiveVersion = 1;
	classes = {
	};
	objectVersion = 46;
	objects = {

/* Begin PBXBuildFile section */
		03A501641C32974D0041D307 /* main.m in Sources */ = {isa = PBXBuildFile; fileRef = 03A501631C32974D0041D307 /* main.m */; };
		03A501671C32974D0041D307 /* AppDelegate.m in Sources */ = {isa = PBXBuildFile; fileRef = 03A501661C32974D0041D307 /* AppDelegate.m */; };
		03A5016A1C32974D0041D307 /* TBDFirstViewController.m in Sources */ = {isa = PBXBuildFile; fileRef = 03A501691C32974D0041D307 /* TBDFirstViewController.m */; };
		03A5016D1C32974D0041D307 /* TBDSecondViewController.m in Sources */ = {isa = PBXBuildFile; fileRef = 03A5016C1C32974D0041D307 /* TBDSecondViewController.m */; };
		03A501701C32974D0041D307 /* Main.storyboard in Resources */ = {isa = PBXBuildFile; fileRef = 03A5016E1C32974D0041D307 /* Main.storyboard */; };
		03A501721C32974D0041D307 /* Assets.xcassets in Resources */ = {isa = PBXBuildFile; fileRef = 03A501711C32974D0041D307 /* Assets.xcassets */; };
		03A501751C32974D0041D307 /* LaunchScreen.storyboard in Resources */ = {isa = PBXBuildFile; fileRef = 03A501731C32974D0041D307 /* LaunchScreen.storyboard */; };
		03A501801C32974D0041D307 /* TabbarDemoTests.m in Sources */ = {isa = PBXBuildFile; fileRef = 03A5017F1C32974D0041D307 /* TabbarDemoTests.m */; };
		03A5018B1C32974D0041D307 /* TabbarDemoUITests.m in Sources */ = {isa = PBXBuildFile; fileRef = 03A5018A1C32974D0041D307 /* TabbarDemoUITests.m */; };
		03A5019A1C329F0E0041D307 /* TBDTabBarViewController.m in Sources */ = {isa = PBXBuildFile; fileRef = 03A501991C329F0E0041D307 /* TBDTabBarViewController.m */; };
		03A5019D1C32A28F0041D307 /* UITabBarItem+Helper.m in Sources */ = {isa = PBXBuildFile; fileRef = 03A5019C1C32A28F0041D307 /* UITabBarItem+Helper.m */; };
		03A501A01C32ADA70041D307 /* TBDThirdViewController.m in Sources */ = {isa = PBXBuildFile; fileRef = 03A5019F1C32ADA70041D307 /* TBDThirdViewController.m */; };
/* End PBXBuildFile section */

/* Begin PBXContainerItemProxy section */
		03A5017C1C32974D0041D307 /* PBXContainerItemProxy */ = {
			isa = PBXContainerItemProxy;
			containerPortal = 03A501571C32974C0041D307 /* Project object */;
			proxyType = 1;
			remoteGlobalIDString = 03A5015E1C32974C0041D307;
			remoteInfo = TabbarDemo;
		};
		03A501871C32974D0041D307 /* PBXContainerItemProxy */ = {
			isa = PBXContainerItemProxy;
			containerPortal = 03A501571C32974C0041D307 /* Project object */;
			proxyType = 1;
			remoteGlobalIDString = 03A5015E1C32974C0041D307;
			remoteInfo = TabbarDemo;
		};
/* End PBXContainerItemProxy section */

/* Begin PBXFileReference section */
		03A5015F1C32974C0041D307 /* TabbarDemo.app */ = {isa = PBXFileReference; explicitFileType = wrapper.application; includeInIndex = 0; path = TabbarDemo.app; sourceTree = BUILT_PRODUCTS_DIR; };
		03A501631C32974D0041D307 /* main.m */ = {isa = PBXFileReference; lastKnownFileType = sourcecode.c.objc; path = main.m; sourceTree = "<group>"; };
		03A501651C32974D0041D307 /* AppDelegate.h */ = {isa = PBXFileReference; lastKnownFileType = sourcecode.c.h; path = AppDelegate.h; sourceTree = "<group>"; };
		03A501661C32974D0041D307 /* AppDelegate.m */ = {isa = PBXFileReference; lastKnownFileType = sourcecode.c.objc; path = AppDelegate.m; sourceTree = "<group>"; };
		03A501681C32974D0041D307 /* TBDFirstViewController.h */ = {isa = PBXFileReference; lastKnownFileType = sourcecode.c.h; path = TBDFirstViewController.h; sourceTree = "<group>"; };
		03A501691C32974D0041D307 /* TBDFirstViewController.m */ = {isa = PBXFileReference; lastKnownFileType = sourcecode.c.objc; path = TBDFirstViewController.m; sourceTree = "<group>"; };
		03A5016B1C32974D0041D307 /* TBDSecondViewController.h */ = {isa = PBXFileReference; lastKnownFileType = sourcecode.c.h; path = TBDSecondViewController.h; sourceTree = "<group>"; };
		03A5016C1C32974D0041D307 /* TBDSecondViewController.m */ = {isa = PBXFileReference; lastKnownFileType = sourcecode.c.objc; path = TBDSecondViewController.m; sourceTree = "<group>"; };
		03A5016F1C32974D0041D307 /* Base */ = {isa = PBXFileReference; lastKnownFileType = file.storyboard; name = Base; path = Base.lproj/Main.storyboard; sourceTree = "<group>"; };
		03A501711C32974D0041D307 /* Assets.xcassets */ = {isa = PBXFileReference; lastKnownFileType = folder.assetcatalog; path = Assets.xcassets; sourceTree = "<group>"; };
		03A501741C32974D0041D307 /* Base */ = {isa = PBXFileReference; lastKnownFileType = file.storyboard; name = Base; path = Base.lproj/LaunchScreen.storyboard; sourceTree = "<group>"; };
		03A501761C32974D0041D307 /* Info.plist */ = {isa = PBXFileReference; lastKnownFileType = text.plist.xml; path = Info.plist; sourceTree = "<group>"; };
		03A5017B1C32974D0041D307 /* TabbarDemoTests.xctest */ = {isa = PBXFileReference; explicitFileType = wrapper.cfbundle; includeInIndex = 0; path = TabbarDemoTests.xctest; sourceTree = BUILT_PRODUCTS_DIR; };
		03A5017F1C32974D0041D307 /* TabbarDemoTests.m */ = {isa = PBXFileReference; lastKnownFileType = sourcecode.c.objc; path = TabbarDemoTests.m; sourceTree = "<group>"; };
		03A501811C32974D0041D307 /* Info.plist */ = {isa = PBXFileReference; lastKnownFileType = text.plist.xml; path = Info.plist; sourceTree = "<group>"; };
		03A501861C32974D0041D307 /* TabbarDemoUITests.xctest */ = {isa = PBXFileReference; explicitFileType = wrapper.cfbundle; includeInIndex = 0; path = TabbarDemoUITests.xctest; sourceTree = BUILT_PRODUCTS_DIR; };
		03A5018A1C32974D0041D307 /* TabbarDemoUITests.m */ = {isa = PBXFileReference; lastKnownFileType = sourcecode.c.objc; path = TabbarDemoUITests.m; sourceTree = "<group>"; };
		03A5018C1C32974D0041D307 /* Info.plist */ = {isa = PBXFileReference; lastKnownFileType = text.plist.xml; path = Info.plist; sourceTree = "<group>"; };
		03A501981C329F0E0041D307 /* TBDTabBarViewController.h */ = {isa = PBXFileReference; fileEncoding = 4; lastKnownFileType = sourcecode.c.h; path = TBDTabBarViewController.h; sourceTree = "<group>"; };
		03A501991C329F0E0041D307 /* TBDTabBarViewController.m */ = {isa = PBXFileReference; fileEncoding = 4; lastKnownFileType = sourcecode.c.objc; path = TBDTabBarViewController.m; sourceTree = "<group>"; };
		03A5019B1C32A28F0041D307 /* UITabBarItem+Helper.h */ = {isa = PBXFileReference; fileEncoding = 4; lastKnownFileType = sourcecode.c.h; path = "UITabBarItem+Helper.h"; sourceTree = "<group>"; };
		03A5019C1C32A28F0041D307 /* UITabBarItem+Helper.m */ = {isa = PBXFileReference; fileEncoding = 4; lastKnownFileType = sourcecode.c.objc; path = "UITabBarItem+Helper.m"; sourceTree = "<group>"; };
		03A5019E1C32ADA70041D307 /* TBDThirdViewController.h */ = {isa = PBXFileReference; fileEncoding = 4; lastKnownFileType = sourcecode.c.h; path = TBDThirdViewController.h; sourceTree = "<group>"; };
		03A5019F1C32ADA70041D307 /* TBDThirdViewController.m */ = {isa = PBXFileReference; fileEncoding = 4; lastKnownFileType = sourcecode.c.objc; path = TBDThirdViewController.m; sourceTree = "<group>"; };
/* End PBXFileReference section */

/* Begin PBXFrameworksBuildPhase section */
		03A5015C1C32974C0041D307 /* Frameworks */ = {
			isa = PBXFrameworksBuildPhase;
			buildActionMask = 2147483647;
			files = (
			);
			runOnlyForDeploymentPostprocessing = 0;
		};
		03A501781C32974D0041D307 /* Frameworks */ = {
			isa = PBXFrameworksBuildPhase;
			buildActionMask = 2147483647;
			files = (
			);
			runOnlyForDeploymentPostprocessing = 0;
		};
		03A501831C32974D0041D307 /* Frameworks */ = {
			isa = PBXFrameworksBuildPhase;
			buildActionMask = 2147483647;
			files = (
			);
			runOnlyForDeploymentPostprocessing = 0;
		};
/* End PBXFrameworksBuildPhase section */

/* Begin PBXGroup section */
		03A501561C32974C0041D307 = {
			isa = PBXGroup;
			children = (
				03A501611C32974D0041D307 /* TabbarDemo */,
				03A5017E1C32974D0041D307 /* TabbarDemoTests */,
				03A501891C32974D0041D307 /* TabbarDemoUITests */,
				03A501601C32974C0041D307 /* Products */,
			);
			sourceTree = "<group>";
		};
		03A501601C32974C0041D307 /* Products */ = {
			isa = PBXGroup;
			children = (
				03A5015F1C32974C0041D307 /* TabbarDemo.app */,
				03A5017B1C32974D0041D307 /* TabbarDemoTests.xctest */,
				03A501861C32974D0041D307 /* TabbarDemoUITests.xctest */,
			);
			name = Products;
			sourceTree = "<group>";
		};
		03A501611C32974D0041D307 /* TabbarDemo */ = {
			isa = PBXGroup;
			children = (
				03A501651C32974D0041D307 /* AppDelegate.h */,
				03A501661C32974D0041D307 /* AppDelegate.m */,
				03A501681C32974D0041D307 /* TBDFirstViewController.h */,
				03A501691C32974D0041D307 /* TBDFirstViewController.m */,
				03A5016B1C32974D0041D307 /* TBDSecondViewController.h */,
				03A5016C1C32974D0041D307 /* TBDSecondViewController.m */,
				03A5019E1C32ADA70041D307 /* TBDThirdViewController.h */,
				03A5019F1C32ADA70041D307 /* TBDThirdViewController.m */,
				03A501981C329F0E0041D307 /* TBDTabBarViewController.h */,
				03A501991C329F0E0041D307 /* TBDTabBarViewController.m */,
				03A5019B1C32A28F0041D307 /* UITabBarItem+Helper.h */,
				03A5019C1C32A28F0041D307 /* UITabBarItem+Helper.m */,
				03A5016E1C32974D0041D307 /* Main.storyboard */,
				03A501711C32974D0041D307 /* Assets.xcassets */,
				03A501731C32974D0041D307 /* LaunchScreen.storyboard */,
				03A501761C32974D0041D307 /* Info.plist */,
				03A501621C32974D0041D307 /* Supporting Files */,
			);
			path = TabbarDemo;
			sourceTree = "<group>";
		};
		03A501621C32974D0041D307 /* Supporting Files */ = {
			isa = PBXGroup;
			children = (
				03A501631C32974D0041D307 /* main.m */,
			);
			name = "Supporting Files";
			sourceTree = "<group>";
		};
		03A5017E1C32974D0041D307 /* TabbarDemoTests */ = {
			isa = PBXGroup;
			children = (
				03A5017F1C32974D0041D307 /* TabbarDemoTests.m */,
				03A501811C32974D0041D307 /* Info.plist */,
			);
			path = TabbarDemoTests;
			sourceTree = "<group>";
		};
		03A501891C32974D0041D307 /* TabbarDemoUITests */ = {
			isa = PBXGroup;
			children = (
				03A5018A1C32974D0041D307 /* TabbarDemoUITests.m */,
				03A5018C1C32974D0041D307 /* Info.plist */,
			);
			path = TabbarDemoUITests;
			sourceTree = "<group>";
		};
/* End PBXGroup section */

/* Begin PBXNativeTarget section */
		03A5015E1C32974C0041D307 /* TabbarDemo */ = {
			isa = PBXNativeTarget;
			buildConfigurationList = 03A5018F1C32974D0041D307 /* Build configuration list for PBXNativeTarget "TabbarDemo" */;
			buildPhases = (
				03A5015B1C32974C0041D307 /* Sources */,
				03A5015C1C32974C0041D307 /* Frameworks */,
				03A5015D1C32974C0041D307 /* Resources */,
			);
			buildRules = (
			);
			dependencies = (
			);
			name = TabbarDemo;
			productName = TabbarDemo;
			productReference = 03A5015F1C32974C0041D307 /* TabbarDemo.app */;
			productType = "com.apple.product-type.application";
		};
		03A5017A1C32974D0041D307 /* TabbarDemoTests */ = {
			isa = PBXNativeTarget;
			buildConfigurationList = 03A501921C32974D0041D307 /* Build configuration list for PBXNativeTarget "TabbarDemoTests" */;
			buildPhases = (
				03A501771C32974D0041D307 /* Sources */,
				03A501781C32974D0041D307 /* Frameworks */,
				03A501791C32974D0041D307 /* Resources */,
			);
			buildRules = (
			);
			dependencies = (
				03A5017D1C32974D0041D307 /* PBXTargetDependency */,
			);
			name = TabbarDemoTests;
			productName = TabbarDemoTests;
			productReference = 03A5017B1C32974D0041D307 /* TabbarDemoTests.xctest */;
			productType = "com.apple.product-type.bundle.unit-test";
		};
		03A501851C32974D0041D307 /* TabbarDemoUITests */ = {
			isa = PBXNativeTarget;
			buildConfigurationList = 03A501951C32974D0041D307 /* Build configuration list for PBXNativeTarget "TabbarDemoUITests" */;
			buildPhases = (
				03A501821C32974D0041D307 /* Sources */,
				03A501831C32974D0041D307 /* Frameworks */,
				03A501841C32974D0041D307 /* Resources */,
			);
			buildRules = (
			);
			dependencies = (
				03A501881C32974D0041D307 /* PBXTargetDependency */,
			);
			name = TabbarDemoUITests;
			productName = TabbarDemoUITests;
			productReference = 03A501861C32974D0041D307 /* TabbarDemoUITests.xctest */;
			productType = "com.apple.product-type.bundle.ui-testing";
		};
/* End PBXNativeTarget section */

/* Begin PBXProject section */
		03A501571C32974C0041D307 /* Project object */ = {
			isa = PBXProject;
			attributes = {
				CLASSPREFIX = TBD;
				LastUpgradeCheck = 0720;
				ORGANIZATIONNAME = "";
				TargetAttributes = {
					03A5015E1C32974C0041D307 = {
						CreatedOnToolsVersion = 7.2;
					};
					03A5017A1C32974D0041D307 = {
						CreatedOnToolsVersion = 7.2;
						TestTargetID = 03A5015E1C32974C0041D307;
					};
					03A501851C32974D0041D307 = {
						CreatedOnToolsVersion = 7.2;
						TestTargetID = 03A5015E1C32974C0041D307;
					};
				};
			};
			buildConfigurationList = 03A5015A1C32974C0041D307 /* Build configuration list for PBXProject "TabbarDemo" */;
			compatibilityVersion = "Xcode 3.2";
			developmentRegion = English;
			hasScannedForEncodings = 0;
			knownRegions = (
				en,
				Base,
			);
			mainGroup = 03A501561C32974C0041D307;
			productRefGroup = 03A501601C32974C0041D307 /* Products */;
			projectDirPath = "";
			projectRoot = "";
			targets = (
				03A5015E1C32974C0041D307 /* TabbarDemo */,
				03A5017A1C32974D0041D307 /* TabbarDemoTests */,
				03A501851C32974D0041D307 /* TabbarDemoUITests */,
			);
		};
/* End PBXProject section */

/* Begin PBXResourcesBuildPhase section */
		03A5015D1C32974C0041D307 /* Resources */ = {
			isa = PBXResourcesBuildPhase;
			buildActionMask = 2147483647;
			files = (
				03A501751C32974D0041D307 /* LaunchScreen.storyboard in Resources */,
				03A501721C32974D0041D307 /* Assets.xcassets in Resources */,
				03A501701C32974D0041D307 /* Main.storyboard in Resources */,
			);
			runOnlyForDeploymentPostprocessing = 0;
		};
		03A501791C32974D0041D307 /* Resources */ = {
			isa = PBXResourcesBuildPhase;
			buildActionMask = 2147483647;
			files = (
			);
			runOnlyForDeploymentPostprocessing = 0;
		};
		03A501841C32974D0041D307 /* Resources */ = {
			isa = PBXResourcesBuildPhase;
			buildActionMask = 2147483647;
			files = (
			);
			runOnlyForDeploymentPostprocessing = 0;
		};
/* End PBXResourcesBuildPhase section */

/* Begin PBXSourcesBuildPhase section */
		03A5015B1C32974C0041D307 /* Sources */ = {
			isa = PBXSourcesBuildPhase;
			buildActionMask = 2147483647;
			files = (
				03A5019D1C32A28F0041D307 /* UITabBarItem+Helper.m in Sources */,
				03A501A01C32ADA70041D307 /* TBDThirdViewController.m in Sources */,
				03A5016D1C32974D0041D307 /* TBDSecondViewController.m in Sources */,
				03A501671C32974D0041D307 /* AppDelegate.m in Sources */,
				03A5016A1C32974D0041D307 /* TBDFirstViewController.m in Sources */,
				03A501641C32974D0041D307 /* main.m in Sources */,
				03A5019A1C329F0E0041D307 /* TBDTabBarViewController.m in Sources */,
			);
			runOnlyForDeploymentPostprocessing = 0;
		};
		03A501771C32974D0041D307 /* Sources */ = {
			isa = PBXSourcesBuildPhase;
			buildActionMask = 2147483647;
			files = (
				03A501801C32974D0041D307 /* TabbarDemoTests.m in Sources */,
			);
			runOnlyForDeploymentPostprocessing = 0;
		};
		03A501821C32974D0041D307 /* Sources */ = {
			isa = PBXSourcesBuildPhase;
			buildActionMask = 2147483647;
			files = (
				03A5018B1C32974D0041D307 /* TabbarDemoUITests.m in Sources */,
			);
			runOnlyForDeploymentPostprocessing = 0;
		};
/* End PBXSourcesBuildPhase section */

/* Begin PBXTargetDependency section */
		03A5017D1C32974D0041D307 /* PBXTargetDependency */ = {
			isa = PBXTargetDependency;
			target = 03A5015E1C32974C0041D307 /* TabbarDemo */;
			targetProxy = 03A5017C1C32974D0041D307 /* PBXContainerItemProxy */;
		};
		03A501881C32974D0041D307 /* PBXTargetDependency */ = {
			isa = PBXTargetDependency;
			target = 03A5015E1C32974C0041D307 /* TabbarDemo */;
			targetProxy = 03A501871C32974D0041D307 /* PBXContainerItemProxy */;
		};
/* End PBXTargetDependency section */

/* Begin PBXVariantGroup section */
		03A5016E1C32974D0041D307 /* Main.storyboard */ = {
			isa = PBXVariantGroup;
			children = (
				03A5016F1C32974D0041D307 /* Base */,
			);
			name = Main.storyboard;
			sourceTree = "<group>";
		};
		03A501731C32974D0041D307 /* LaunchScreen.storyboard */ = {
			isa = PBXVariantGroup;
			children = (
				03A501741C32974D0041D307 /* Base */,
			);
			name = LaunchScreen.storyboard;
			sourceTree = "<group>";
		};
/* End PBXVariantGroup section */

/* Begin XCBuildConfiguration section */
		03A5018D1C32974D0041D307 /* Debug */ = {
			isa = XCBuildConfiguration;
			buildSettings = {
				ALWAYS_SEARCH_USER_PATHS = NO;
				CLANG_CXX_LANGUAGE_STANDARD = "gnu++0x";
				CLANG_CXX_LIBRARY = "libc++";
				CLANG_ENABLE_MODULES = YES;
				CLANG_ENABLE_OBJC_ARC = YES;
				CLANG_WARN_BOOL_CONVERSION = YES;
				CLANG_WARN_CONSTANT_CONVERSION = YES;
				CLANG_WARN_DIRECT_OBJC_ISA_USAGE = YES_ERROR;
				CLANG_WARN_EMPTY_BODY = YES;
				CLANG_WARN_ENUM_CONVERSION = YES;
				CLANG_WARN_INT_CONVERSION = YES;
				CLANG_WARN_OBJC_ROOT_CLASS = YES_ERROR;
				CLANG_WARN_UNREACHABLE_CODE = YES;
				CLANG_WARN__DUPLICATE_METHOD_MATCH = YES;
				"CODE_SIGN_IDENTITY[sdk=iphoneos*]" = "iPhone Developer";
				COPY_PHASE_STRIP = NO;
				DEBUG_INFORMATION_FORMAT = dwarf;
				ENABLE_STRICT_OBJC_MSGSEND = YES;
				ENABLE_TESTABILITY = YES;
				GCC_C_LANGUAGE_STANDARD = gnu99;
				GCC_DYNAMIC_NO_PIC = NO;
				GCC_NO_COMMON_BLOCKS = YES;
				GCC_OPTIMIZATION_LEVEL = 0;
				GCC_PREPROCESSOR_DEFINITIONS = (
					"DEBUG=1",
					"$(inherited)",
				);
				GCC_WARN_64_TO_32_BIT_CONVERSION = YES;
				GCC_WARN_ABOUT_RETURN_TYPE = YES_ERROR;
				GCC_WARN_UNDECLARED_SELECTOR = YES;
				GCC_WARN_UNINITIALIZED_AUTOS = YES_AGGRESSIVE;
				GCC_WARN_UNUSED_FUNCTION = YES;
				GCC_WARN_UNUSED_VARIABLE = YES;
				IPHONEOS_DEPLOYMENT_TARGET = 8.0;
				MTL_ENABLE_DEBUG_INFO = YES;
				ONLY_ACTIVE_ARCH = YES;
				SDKROOT = iphoneos;
			};
			name = Debug;
		};
		03A5018E1C32974D0041D307 /* Release */ = {
			isa = XCBuildConfiguration;
			buildSettings = {
				ALWAYS_SEARCH_USER_PATHS = NO;
				CLANG_CXX_LANGUAGE_STANDARD = "gnu++0x";
				CLANG_CXX_LIBRARY = "libc++";
				CLANG_ENABLE_MODULES = YES;
				CLANG_ENABLE_OBJC_ARC = YES;
				CLANG_WARN_BOOL_CONVERSION = YES;
				CLANG_WARN_CONSTANT_CONVERSION = YES;
				CLANG_WARN_DIRECT_OBJC_ISA_USAGE = YES_ERROR;
				CLANG_WARN_EMPTY_BODY = YES;
				CLANG_WARN_ENUM_CONVERSION = YES;
				CLANG_WARN_INT_CONVERSION = YES;
				CLANG_WARN_OBJC_ROOT_CLASS = YES_ERROR;
				CLANG_WARN_UNREACHABLE_CODE = YES;
				CLANG_WARN__DUPLICATE_METHOD_MATCH = YES;
				"CODE_SIGN_IDENTITY[sdk=iphoneos*]" = "iPhone Developer";
				COPY_PHASE_STRIP = NO;
				DEBUG_INFORMATION_FORMAT = "dwarf-with-dsym";
				ENABLE_NS_ASSERTIONS = NO;
				ENABLE_STRICT_OBJC_MSGSEND = YES;
				GCC_C_LANGUAGE_STANDARD = gnu99;
				GCC_NO_COMMON_BLOCKS = YES;
				GCC_WARN_64_TO_32_BIT_CONVERSION = YES;
				GCC_WARN_ABOUT_RETURN_TYPE = YES_ERROR;
				GCC_WARN_UNDECLARED_SELECTOR = YES;
				GCC_WARN_UNINITIALIZED_AUTOS = YES_AGGRESSIVE;
				GCC_WARN_UNUSED_FUNCTION = YES;
				GCC_WARN_UNUSED_VARIABLE = YES;
				IPHONEOS_DEPLOYMENT_TARGET = 8.0;
				MTL_ENABLE_DEBUG_INFO = NO;
				SDKROOT = iphoneos;
				VALIDATE_PRODUCT = YES;
			};
			name = Release;
		};
		03A501901C32974D0041D307 /* Debug */ = {
			isa = XCBuildConfiguration;
			buildSettings = {
				ASSETCATALOG_COMPILER_APPICON_NAME = AppIcon;
				INFOPLIST_FILE = TabbarDemo/Info.plist;
				IPHONEOS_DEPLOYMENT_TARGET = 8.0;
				LD_RUNPATH_SEARCH_PATHS = "$(inherited) @executable_path/Frameworks";
				PRODUCT_BUNDLE_IDENTIFIER = io.demo.TabbarDemo;
				PRODUCT_NAME = "$(TARGET_NAME)";
			};
			name = Debug;
		};
		03A501911C32974D0041D307 /* Release */ = {
			isa = XCBuildConfiguration;
			buildSettings = {
				ASSETCATALOG_COMPILER_APPICON_NAME = AppIcon;
				INFOPLIST_FILE = TabbarDemo/Info.plist;
				IPHONEOS_DEPLOYMENT_TARGET = 8.0;
				LD_RUNPATH_SEARCH_PATHS = "$(inherited) @executable_path/Frameworks";
				PRODUCT_BUNDLE_IDENTIFIER = io.demo.TabbarDemo;
				PRODUCT_NAME = "$(TARGET_NAME)";
			};
			name = Release;
		};
		03A501931C32974D0041D307 /* Debug */ = {
			isa = XCBuildConfiguration;
			buildSettings = {
				BUNDLE_LOADER = "$(TEST_HOST)";
				INFOPLIST_FILE = TabbarDemoTests/Info.plist;
				LD_RUNPATH_SEARCH_PATHS = "$(inherited) @executable_path/Frameworks @loader_path/Frameworks";
				PRODUCT_BUNDLE_IDENTIFIER = io.leftshift.TabbarDemoTests;
				PRODUCT_NAME = "$(TARGET_NAME)";
				TEST_HOST = "$(BUILT_PRODUCTS_DIR)/TabbarDemo.app/TabbarDemo";
			};
			name = Debug;
		};
		03A501941C32974D0041D307 /* Release */ = {
			isa = XCBuildConfiguration;
			buildSettings = {
				BUNDLE_LOADER = "$(TEST_HOST)";
				INFOPLIST_FILE = TabbarDemoTests/Info.plist;
				LD_RUNPATH_SEARCH_PATHS = "$(inherited) @executable_path/Frameworks @loader_path/Frameworks";
				PRODUCT_BUNDLE_IDENTIFIER = io.leftshift.TabbarDemoTests;
				PRODUCT_NAME = "$(TARGET_NAME)";
				TEST_HOST = "$(BUILT_PRODUCTS_DIR)/TabbarDemo.app/TabbarDemo";
			};
			name = Release;
		};
		03A501961C32974D0041D307 /* Debug */ = {
			isa = XCBuildConfiguration;
			buildSettings = {
				INFOPLIST_FILE = TabbarDemoUITests/Info.plist;
				LD_RUNPATH_SEARCH_PATHS = "$(inherited) @executable_path/Frameworks @loader_path/Frameworks";
				PRODUCT_BUNDLE_IDENTIFIER = io.leftshift.TabbarDemoUITests;
				PRODUCT_NAME = "$(TARGET_NAME)";
				TEST_TARGET_NAME = TabbarDemo;
				USES_XCTRUNNER = YES;
			};
			name = Debug;
		};
		03A501971C32974D0041D307 /* Release */ = {
			isa = XCBuildConfiguration;
			buildSettings = {
				INFOPLIST_FILE = TabbarDemoUITests/Info.plist;
				LD_RUNPATH_SEARCH_PATHS = "$(inherited) @executable_path/Frameworks @loader_path/Frameworks";
				PRODUCT_BUNDLE_IDENTIFIER = io.leftshift.TabbarDemoUITests;
				PRODUCT_NAME = "$(TARGET_NAME)";
				TEST_TARGET_NAME = TabbarDemo;
				USES_XCTRUNNER = YES;
			};
			name = Release;
		};
/* End XCBuildConfiguration section */

/* Begin XCConfigurationList section */
		03A5015A1C32974C0041D307 /* Build configuration list for PBXProject "TabbarDemo" */ = {
			isa = XCConfigurationList;
			buildConfigurations = (
				03A5018D1C32974D0041D307 /* Debug */,
				03A5018E1C32974D0041D307 /* Release */,
			);
			defaultConfigurationIsVisible = 0;
			defaultConfigurationName = Release;
		};
		03A5018F1C32974D0041D307 /* Build configuration list for PBXNativeTarget "TabbarDemo" */ = {
			isa = XCConfigurationList;
			buildConfigurations = (
				03A501901C32974D0041D307 /* Debug */,
				03A501911C32974D0041D307 /* Release */,
			);
			defaultConfigurationIsVisible = 0;
		};
		03A501921C32974D0041D307 /* Build configuration list for PBXNativeTarget "TabbarDemoTests" */ = {
			isa = XCConfigurationList;
			buildConfigurations = (
				03A501931C32974D0041D307 /* Debug */,
				03A501941C32974D0041D307 /* Release */,
			);
			defaultConfigurationIsVisible = 0;
		};
		03A501951C32974D0041D307 /* Build configuration list for PBXNativeTarget "TabbarDemoUITests" */ = {
			isa = XCConfigurationList;
			buildConfigurations = (
				03A501961C32974D0041D307 /* Debug */,
				03A501971C32974D0041D307 /* Release */,
			);
			defaultConfigurationIsVisible = 0;
		};
/* End XCConfigurationList section */
	};
	rootObject = 03A501571C32974C0041D307 /* Project object */;
}
